// !$*UTF8*$!
{
	archiveVersion = 1;
	classes = {
	};
	objectVersion = 56;
	objects = {

/* Begin PBXBuildFile section */
		261C15BA2C3A1106004B5A1E /* User.swift in Sources */ = {isa = PBXBuildFile; fileRef = 261C15B92C3A1106004B5A1E /* User.swift */; };
		261C15BD2C3A1380004B5A1E /* WelcomeView.swift in Sources */ = {isa = PBXBuildFile; fileRef = 261C15BC2C3A1380004B5A1E /* WelcomeView.swift */; };
		261C15BF2C3A1389004B5A1E /* WelcomeViewModel.swift in Sources */ = {isa = PBXBuildFile; fileRef = 261C15BE2C3A1388004B5A1E /* WelcomeViewModel.swift */; };
		261C15C12C3A13A4004B5A1E /* WelcomeVC.swift in Sources */ = {isa = PBXBuildFile; fileRef = 261C15C02C3A13A4004B5A1E /* WelcomeVC.swift */; };
		261C15C42C3AB6D4004B5A1E /* CustomImageView.swift in Sources */ = {isa = PBXBuildFile; fileRef = 261C15C32C3AB6D4004B5A1E /* CustomImageView.swift */; };
		261C15C72C3AB768004B5A1E /* CustomStackView.swift in Sources */ = {isa = PBXBuildFile; fileRef = 261C15C62C3AB768004B5A1E /* CustomStackView.swift */; };
		261C15CA2C3ABA61004B5A1E /* UIKitImageLoader.swift in Sources */ = {isa = PBXBuildFile; fileRef = 261C15C92C3ABA61004B5A1E /* UIKitImageLoader.swift */; };
		261C15CD2C3ABDAF004B5A1E /* CustomFlowLayout.swift in Sources */ = {isa = PBXBuildFile; fileRef = 261C15CC2C3ABDAF004B5A1E /* CustomFlowLayout.swift */; };
		261C15D02C3ABDFB004B5A1E /* PhasesCell.swift in Sources */ = {isa = PBXBuildFile; fileRef = 261C15CF2C3ABDFB004B5A1E /* PhasesCell.swift */; };
		261C15D22C3ABE0E004B5A1E /* WelcomeVC + ExtCollectionView.swift in Sources */ = {isa = PBXBuildFile; fileRef = 261C15D12C3ABE0E004B5A1E /* WelcomeVC + ExtCollectionView.swift */; };
		261C15D42C3ABF78004B5A1E /* CarRepairPhases.swift in Sources */ = {isa = PBXBuildFile; fileRef = 261C15D32C3ABF78004B5A1E /* CarRepairPhases.swift */; };
		261C15D62C3AC0B6004B5A1E /* PhasesCustomLabel.swift in Sources */ = {isa = PBXBuildFile; fileRef = 261C15D52C3AC0B6004B5A1E /* PhasesCustomLabel.swift */; };
		261C15D92C3AC196004B5A1E /* TitlesCustomLabel.swift in Sources */ = {isa = PBXBuildFile; fileRef = 261C15D82C3AC196004B5A1E /* TitlesCustomLabel.swift */; };
		2622943C2C349BBA0062EEC1 /* SignUpView.swift in Sources */ = {isa = PBXBuildFile; fileRef = 2622943B2C349BBA0062EEC1 /* SignUpView.swift */; };
		2622943E2C349BC30062EEC1 /* SignUpViewModel.swift in Sources */ = {isa = PBXBuildFile; fileRef = 2622943D2C349BC30062EEC1 /* SignUpViewModel.swift */; };
		2682B2272C3310E2004D02E4 /* AppDelegate.swift in Sources */ = {isa = PBXBuildFile; fileRef = 2682B2262C3310E2004D02E4 /* AppDelegate.swift */; };
		2682B2292C3310E2004D02E4 /* SceneDelegate.swift in Sources */ = {isa = PBXBuildFile; fileRef = 2682B2282C3310E2004D02E4 /* SceneDelegate.swift */; };
		2682B2302C3310E4004D02E4 /* Assets.xcassets in Resources */ = {isa = PBXBuildFile; fileRef = 2682B22F2C3310E4004D02E4 /* Assets.xcassets */; };
		2682B2332C3310E4004D02E4 /* Base in Resources */ = {isa = PBXBuildFile; fileRef = 2682B2322C3310E4004D02E4 /* Base */; };
		26ADA7322C38C2A400D6E3EE /* CustomTextField.swift in Sources */ = {isa = PBXBuildFile; fileRef = 26ADA7312C38C2A400D6E3EE /* CustomTextField.swift */; };
		26ADA7352C38C2D000D6E3EE /* CustomTextFieldModifier.swift in Sources */ = {isa = PBXBuildFile; fileRef = 26ADA7342C38C2D000D6E3EE /* CustomTextFieldModifier.swift */; };
		26ADA7382C38CD8F00D6E3EE /* SignInView.swift in Sources */ = {isa = PBXBuildFile; fileRef = 26ADA7372C38CD8F00D6E3EE /* SignInView.swift */; };
		26ADA73A2C38CD9A00D6E3EE /* SignInViewModel.swift in Sources */ = {isa = PBXBuildFile; fileRef = 26ADA7392C38CD9A00D6E3EE /* SignInViewModel.swift */; };
		26CA73EC2C34847600715AC3 /* GoogleService-Info.plist in Resources */ = {isa = PBXBuildFile; fileRef = 26CA73EB2C34847600715AC3 /* GoogleService-Info.plist */; };
		26CA73EF2C34851600715AC3 /* FirebaseAuth in Frameworks */ = {isa = PBXBuildFile; productRef = 26CA73EE2C34851600715AC3 /* FirebaseAuth */; };
		26CA73F12C34851600715AC3 /* FirebaseFirestore in Frameworks */ = {isa = PBXBuildFile; productRef = 26CA73F02C34851600715AC3 /* FirebaseFirestore */; };
		26CA73F32C34851600715AC3 /* FirebaseFirestoreSwift in Frameworks */ = {isa = PBXBuildFile; productRef = 26CA73F22C34851600715AC3 /* FirebaseFirestoreSwift */; };
		26CA73F52C34851600715AC3 /* FirebaseStorage in Frameworks */ = {isa = PBXBuildFile; productRef = 26CA73F42C34851600715AC3 /* FirebaseStorage */; };
		26CA73F82C34853E00715AC3 /* Network in Frameworks */ = {isa = PBXBuildFile; productRef = 26CA73F72C34853E00715AC3 /* Network */; };
		26CA73FB2C3485A300715AC3 /* OnBoardingViewModel.swift in Sources */ = {isa = PBXBuildFile; fileRef = 26CA73FA2C3485A300715AC3 /* OnBoardingViewModel.swift */; };
		26CA73FD2C3485AE00715AC3 /* OnBoardingView.swift in Sources */ = {isa = PBXBuildFile; fileRef = 26CA73FC2C3485AE00715AC3 /* OnBoardingView.swift */; };
		26CA73FF2C3485BE00715AC3 /* OnBoardingVC.swift in Sources */ = {isa = PBXBuildFile; fileRef = 26CA73FE2C3485BE00715AC3 /* OnBoardingVC.swift */; };
		26CA74052C348A4200715AC3 /* CustomGeneralButton.swift in Sources */ = {isa = PBXBuildFile; fileRef = 26CA74042C348A4200715AC3 /* CustomGeneralButton.swift */; };
/* End PBXBuildFile section */

/* Begin PBXFileReference section */
		261C15B92C3A1106004B5A1E /* User.swift */ = {isa = PBXFileReference; lastKnownFileType = sourcecode.swift; path = User.swift; sourceTree = "<group>"; };
		261C15BC2C3A1380004B5A1E /* WelcomeView.swift */ = {isa = PBXFileReference; lastKnownFileType = sourcecode.swift; path = WelcomeView.swift; sourceTree = "<group>"; };
		261C15BE2C3A1388004B5A1E /* WelcomeViewModel.swift */ = {isa = PBXFileReference; lastKnownFileType = sourcecode.swift; path = WelcomeViewModel.swift; sourceTree = "<group>"; };
		261C15C02C3A13A4004B5A1E /* WelcomeVC.swift */ = {isa = PBXFileReference; lastKnownFileType = sourcecode.swift; path = WelcomeVC.swift; sourceTree = "<group>"; };
		261C15C32C3AB6D4004B5A1E /* CustomImageView.swift */ = {isa = PBXFileReference; lastKnownFileType = sourcecode.swift; path = CustomImageView.swift; sourceTree = "<group>"; };
		261C15C62C3AB768004B5A1E /* CustomStackView.swift */ = {isa = PBXFileReference; lastKnownFileType = sourcecode.swift; path = CustomStackView.swift; sourceTree = "<group>"; };
		261C15C92C3ABA61004B5A1E /* UIKitImageLoader.swift */ = {isa = PBXFileReference; lastKnownFileType = sourcecode.swift; path = UIKitImageLoader.swift; sourceTree = "<group>"; };
		261C15CC2C3ABDAF004B5A1E /* CustomFlowLayout.swift */ = {isa = PBXFileReference; lastKnownFileType = sourcecode.swift; path = CustomFlowLayout.swift; sourceTree = "<group>"; };
		261C15CF2C3ABDFB004B5A1E /* PhasesCell.swift */ = {isa = PBXFileReference; lastKnownFileType = sourcecode.swift; path = PhasesCell.swift; sourceTree = "<group>"; };
		261C15D12C3ABE0E004B5A1E /* WelcomeVC + ExtCollectionView.swift */ = {isa = PBXFileReference; lastKnownFileType = sourcecode.swift; path = "WelcomeVC + ExtCollectionView.swift"; sourceTree = "<group>"; };
		261C15D32C3ABF78004B5A1E /* CarRepairPhases.swift */ = {isa = PBXFileReference; lastKnownFileType = sourcecode.swift; path = CarRepairPhases.swift; sourceTree = "<group>"; };
		261C15D52C3AC0B6004B5A1E /* PhasesCustomLabel.swift */ = {isa = PBXFileReference; lastKnownFileType = sourcecode.swift; path = PhasesCustomLabel.swift; sourceTree = "<group>"; };
		261C15D82C3AC196004B5A1E /* TitlesCustomLabel.swift */ = {isa = PBXFileReference; lastKnownFileType = sourcecode.swift; path = TitlesCustomLabel.swift; sourceTree = "<group>"; };
		2622943B2C349BBA0062EEC1 /* SignUpView.swift */ = {isa = PBXFileReference; lastKnownFileType = sourcecode.swift; path = SignUpView.swift; sourceTree = "<group>"; };
		2622943D2C349BC30062EEC1 /* SignUpViewModel.swift */ = {isa = PBXFileReference; lastKnownFileType = sourcecode.swift; path = SignUpViewModel.swift; sourceTree = "<group>"; };
		2682B2232C3310E2004D02E4 /* ChitAuto.app */ = {isa = PBXFileReference; explicitFileType = wrapper.application; includeInIndex = 0; path = ChitAuto.app; sourceTree = BUILT_PRODUCTS_DIR; };
		2682B2262C3310E2004D02E4 /* AppDelegate.swift */ = {isa = PBXFileReference; lastKnownFileType = sourcecode.swift; path = AppDelegate.swift; sourceTree = "<group>"; };
		2682B2282C3310E2004D02E4 /* SceneDelegate.swift */ = {isa = PBXFileReference; lastKnownFileType = sourcecode.swift; path = SceneDelegate.swift; sourceTree = "<group>"; };
		2682B22F2C3310E4004D02E4 /* Assets.xcassets */ = {isa = PBXFileReference; lastKnownFileType = folder.assetcatalog; path = Assets.xcassets; sourceTree = "<group>"; };
		2682B2322C3310E4004D02E4 /* Base */ = {isa = PBXFileReference; lastKnownFileType = file.storyboard; name = Base; path = Base.lproj/LaunchScreen.storyboard; sourceTree = "<group>"; };
		2682B2342C3310E4004D02E4 /* Info.plist */ = {isa = PBXFileReference; lastKnownFileType = text.plist.xml; path = Info.plist; sourceTree = "<group>"; };
		26ADA7312C38C2A400D6E3EE /* CustomTextField.swift */ = {isa = PBXFileReference; lastKnownFileType = sourcecode.swift; path = CustomTextField.swift; sourceTree = "<group>"; };
		26ADA7342C38C2D000D6E3EE /* CustomTextFieldModifier.swift */ = {isa = PBXFileReference; lastKnownFileType = sourcecode.swift; path = CustomTextFieldModifier.swift; sourceTree = "<group>"; };
		26ADA7372C38CD8F00D6E3EE /* SignInView.swift */ = {isa = PBXFileReference; lastKnownFileType = sourcecode.swift; path = SignInView.swift; sourceTree = "<group>"; };
		26ADA7392C38CD9A00D6E3EE /* SignInViewModel.swift */ = {isa = PBXFileReference; lastKnownFileType = sourcecode.swift; path = SignInViewModel.swift; sourceTree = "<group>"; };
		26CA73EB2C34847600715AC3 /* GoogleService-Info.plist */ = {isa = PBXFileReference; fileEncoding = 4; lastKnownFileType = text.plist.xml; path = "GoogleService-Info.plist"; sourceTree = "<group>"; };
		26CA73FA2C3485A300715AC3 /* OnBoardingViewModel.swift */ = {isa = PBXFileReference; lastKnownFileType = sourcecode.swift; path = OnBoardingViewModel.swift; sourceTree = "<group>"; };
		26CA73FC2C3485AE00715AC3 /* OnBoardingView.swift */ = {isa = PBXFileReference; lastKnownFileType = sourcecode.swift; path = OnBoardingView.swift; sourceTree = "<group>"; };
		26CA73FE2C3485BE00715AC3 /* OnBoardingVC.swift */ = {isa = PBXFileReference; lastKnownFileType = sourcecode.swift; path = OnBoardingVC.swift; sourceTree = "<group>"; };
		26CA74042C348A4200715AC3 /* CustomGeneralButton.swift */ = {isa = PBXFileReference; lastKnownFileType = sourcecode.swift; path = CustomGeneralButton.swift; sourceTree = "<group>"; };
/* End PBXFileReference section */

/* Begin PBXFrameworksBuildPhase section */
		2682B2202C3310E2004D02E4 /* Frameworks */ = {
			isa = PBXFrameworksBuildPhase;
			buildActionMask = 2147483647;
			files = (
				26CA73EF2C34851600715AC3 /* FirebaseAuth in Frameworks */,
				26CA73F52C34851600715AC3 /* FirebaseStorage in Frameworks */,
				26CA73F12C34851600715AC3 /* FirebaseFirestore in Frameworks */,
				26CA73F32C34851600715AC3 /* FirebaseFirestoreSwift in Frameworks */,
				26CA73F82C34853E00715AC3 /* Network in Frameworks */,
			);
			runOnlyForDeploymentPostprocessing = 0;
		};
/* End PBXFrameworksBuildPhase section */

/* Begin PBXGroup section */
		261C15B82C3A10F8004B5A1E /* Model */ = {
			isa = PBXGroup;
			children = (
				261C15B92C3A1106004B5A1E /* User.swift */,
				261C15D32C3ABF78004B5A1E /* CarRepairPhases.swift */,
			);
			path = Model;
			sourceTree = "<group>";
		};
		261C15BB2C3A136A004B5A1E /* Welcome */ = {
			isa = PBXGroup;
			children = (
				261C15CE2C3ABDEB004B5A1E /* HowDoesItWorksCollectionView */,
				261C15C02C3A13A4004B5A1E /* WelcomeVC.swift */,
				261C15BC2C3A1380004B5A1E /* WelcomeView.swift */,
				261C15BE2C3A1388004B5A1E /* WelcomeViewModel.swift */,
			);
			path = Welcome;
			sourceTree = "<group>";
		};
		261C15C22C3AB6C4004B5A1E /* Images */ = {
			isa = PBXGroup;
			children = (
				261C15C32C3AB6D4004B5A1E /* CustomImageView.swift */,
			);
			path = Images;
			sourceTree = "<group>";
		};
		261C15C52C3AB756004B5A1E /* Stacks */ = {
			isa = PBXGroup;
			children = (
				261C15C62C3AB768004B5A1E /* CustomStackView.swift */,
			);
			path = Stacks;
			sourceTree = "<group>";
		};
		261C15C82C3ABA46004B5A1E /* Services */ = {
			isa = PBXGroup;
			children = (
				261C15C92C3ABA61004B5A1E /* UIKitImageLoader.swift */,
			);
			path = Services;
			sourceTree = "<group>";
		};
		261C15CB2C3ABD9C004B5A1E /* FlowLayout */ = {
			isa = PBXGroup;
			children = (
				261C15CC2C3ABDAF004B5A1E /* CustomFlowLayout.swift */,
			);
			path = FlowLayout;
			sourceTree = "<group>";
		};
		261C15CE2C3ABDEB004B5A1E /* HowDoesItWorksCollectionView */ = {
			isa = PBXGroup;
			children = (
				261C15CF2C3ABDFB004B5A1E /* PhasesCell.swift */,
				261C15D12C3ABE0E004B5A1E /* WelcomeVC + ExtCollectionView.swift */,
			);
			path = HowDoesItWorksCollectionView;
			sourceTree = "<group>";
		};
		261C15D72C3AC0BD004B5A1E /* Labels */ = {
			isa = PBXGroup;
			children = (
				261C15D52C3AC0B6004B5A1E /* PhasesCustomLabel.swift */,
				261C15D82C3AC196004B5A1E /* TitlesCustomLabel.swift */,
			);
			path = Labels;
			sourceTree = "<group>";
		};
		2622943A2C349BA10062EEC1 /* SignUp */ = {
			isa = PBXGroup;
			children = (
				2622943B2C349BBA0062EEC1 /* SignUpView.swift */,
				2622943D2C349BC30062EEC1 /* SignUpViewModel.swift */,
			);
			path = SignUp;
			sourceTree = "<group>";
		};
		2682B21A2C3310E2004D02E4 = {
			isa = PBXGroup;
			children = (
				2682B2252C3310E2004D02E4 /* ChitAuto */,
				2682B2242C3310E2004D02E4 /* Products */,
			);
			sourceTree = "<group>";
		};
		2682B2242C3310E2004D02E4 /* Products */ = {
			isa = PBXGroup;
			children = (
				2682B2232C3310E2004D02E4 /* ChitAuto.app */,
			);
			name = Products;
			sourceTree = "<group>";
		};
		2682B2252C3310E2004D02E4 /* ChitAuto */ = {
			isa = PBXGroup;
			children = (
				2682B23A2C331782004D02E4 /* App */,
				261C15C82C3ABA46004B5A1E /* Services */,
				261C15B82C3A10F8004B5A1E /* Model */,
				26CA74012C348A1700715AC3 /*  CustomComponents */,
				26CA73F92C34857F00715AC3 /* Scenes */,
				2682B23B2C33178B004D02E4 /* Resources */,
				2682B23C2C3317CE004D02E4 /* Supporting Files */,
			);
			path = ChitAuto;
			sourceTree = "<group>";
		};
		2682B23A2C331782004D02E4 /* App */ = {
			isa = PBXGroup;
			children = (
				2682B2262C3310E2004D02E4 /* AppDelegate.swift */,
				2682B2282C3310E2004D02E4 /* SceneDelegate.swift */,
			);
			path = App;
			sourceTree = "<group>";
		};
		2682B23B2C33178B004D02E4 /* Resources */ = {
			isa = PBXGroup;
			children = (
				2682B22F2C3310E4004D02E4 /* Assets.xcassets */,
			);
			path = Resources;
			sourceTree = "<group>";
		};
		2682B23C2C3317CE004D02E4 /* Supporting Files */ = {
			isa = PBXGroup;
			children = (
				26CA73EB2C34847600715AC3 /* GoogleService-Info.plist */,
				2682B2312C3310E4004D02E4 /* LaunchScreen.storyboard */,
				2682B2342C3310E4004D02E4 /* Info.plist */,
			);
			path = "Supporting Files";
			sourceTree = "<group>";
		};
		26ADA72F2C38C26000D6E3EE /* Views */ = {
			isa = PBXGroup;
			children = (
				26ADA7302C38C27F00D6E3EE /* SUI */,
				26CA74022C348A2200715AC3 /* UIKit */,
			);
			path = Views;
			sourceTree = "<group>";
		};
		26ADA7302C38C27F00D6E3EE /* SUI */ = {
			isa = PBXGroup;
			children = (
				26ADA7312C38C2A400D6E3EE /* CustomTextField.swift */,
			);
			path = SUI;
			sourceTree = "<group>";
		};
		26ADA7332C38C2B300D6E3EE /* Modifiers */ = {
			isa = PBXGroup;
			children = (
				26ADA7342C38C2D000D6E3EE /* CustomTextFieldModifier.swift */,
			);
			path = Modifiers;
			sourceTree = "<group>";
		};
		26ADA7362C38CD7F00D6E3EE /* SignIn */ = {
			isa = PBXGroup;
			children = (
				26ADA7372C38CD8F00D6E3EE /* SignInView.swift */,
				26ADA7392C38CD9A00D6E3EE /* SignInViewModel.swift */,
			);
			path = SignIn;
			sourceTree = "<group>";
		};
		26CA73F92C34857F00715AC3 /* Scenes */ = {
			isa = PBXGroup;
			children = (
				26CA74002C34863900715AC3 /* OnBoarding */,
				2622943A2C349BA10062EEC1 /* SignUp */,
				26ADA7362C38CD7F00D6E3EE /* SignIn */,
				261C15BB2C3A136A004B5A1E /* Welcome */,
			);
			path = Scenes;
			sourceTree = "<group>";
		};
		26CA74002C34863900715AC3 /* OnBoarding */ = {
			isa = PBXGroup;
			children = (
				26CA73FE2C3485BE00715AC3 /* OnBoardingVC.swift */,
				26CA73FC2C3485AE00715AC3 /* OnBoardingView.swift */,
				26CA73FA2C3485A300715AC3 /* OnBoardingViewModel.swift */,
			);
			path = OnBoarding;
			sourceTree = "<group>";
		};
		26CA74012C348A1700715AC3 /*  CustomComponents */ = {
			isa = PBXGroup;
			children = (
				261C15CB2C3ABD9C004B5A1E /* FlowLayout */,
				26ADA7332C38C2B300D6E3EE /* Modifiers */,
				26ADA72F2C38C26000D6E3EE /* Views */,
			);
			path = " CustomComponents";
			sourceTree = "<group>";
		};
		26CA74022C348A2200715AC3 /* UIKit */ = {
			isa = PBXGroup;
			children = (
				261C15D72C3AC0BD004B5A1E /* Labels */,
				261C15C52C3AB756004B5A1E /* Stacks */,
				261C15C22C3AB6C4004B5A1E /* Images */,
				26CA74032C348A2900715AC3 /* Buttons */,
			);
			path = UIKit;
			sourceTree = "<group>";
		};
		26CA74032C348A2900715AC3 /* Buttons */ = {
			isa = PBXGroup;
			children = (
				26CA74042C348A4200715AC3 /* CustomGeneralButton.swift */,
			);
			path = Buttons;
			sourceTree = "<group>";
		};
/* End PBXGroup section */

/* Begin PBXNativeTarget section */
		2682B2222C3310E2004D02E4 /* ChitAuto */ = {
			isa = PBXNativeTarget;
			buildConfigurationList = 2682B2372C3310E4004D02E4 /* Build configuration list for PBXNativeTarget "ChitAuto" */;
			buildPhases = (
				2682B21F2C3310E2004D02E4 /* Sources */,
				2682B2202C3310E2004D02E4 /* Frameworks */,
				2682B2212C3310E2004D02E4 /* Resources */,
			);
			buildRules = (
			);
			dependencies = (
			);
			name = ChitAuto;
			packageProductDependencies = (
				26CA73EE2C34851600715AC3 /* FirebaseAuth */,
				26CA73F02C34851600715AC3 /* FirebaseFirestore */,
				26CA73F22C34851600715AC3 /* FirebaseFirestoreSwift */,
				26CA73F42C34851600715AC3 /* FirebaseStorage */,
				26CA73F72C34853E00715AC3 /* Network */,
			);
			productName = ChitAuto;
			productReference = 2682B2232C3310E2004D02E4 /* ChitAuto.app */;
			productType = "com.apple.product-type.application";
		};
/* End PBXNativeTarget section */

/* Begin PBXProject section */
		2682B21B2C3310E2004D02E4 /* Project object */ = {
			isa = PBXProject;
			attributes = {
				BuildIndependentTargetsInParallel = 1;
				LastSwiftUpdateCheck = 1540;
				LastUpgradeCheck = 1540;
				TargetAttributes = {
					2682B2222C3310E2004D02E4 = {
						CreatedOnToolsVersion = 15.4;
					};
				};
			};
			buildConfigurationList = 2682B21E2C3310E2004D02E4 /* Build configuration list for PBXProject "ChitAuto" */;
			compatibilityVersion = "Xcode 14.0";
			developmentRegion = en;
			hasScannedForEncodings = 0;
			knownRegions = (
				en,
				Base,
			);
			mainGroup = 2682B21A2C3310E2004D02E4;
			packageReferences = (
				26CA73ED2C34851600715AC3 /* XCRemoteSwiftPackageReference "firebase-ios-sdk" */,
				26CA73F62C34853E00715AC3 /* XCRemoteSwiftPackageReference "NetworkServicePackage" */,
			);
			productRefGroup = 2682B2242C3310E2004D02E4 /* Products */;
			projectDirPath = "";
			projectRoot = "";
			targets = (
				2682B2222C3310E2004D02E4 /* ChitAuto */,
			);
		};
/* End PBXProject section */

/* Begin PBXResourcesBuildPhase section */
		2682B2212C3310E2004D02E4 /* Resources */ = {
			isa = PBXResourcesBuildPhase;
			buildActionMask = 2147483647;
			files = (
				2682B2302C3310E4004D02E4 /* Assets.xcassets in Resources */,
				2682B2332C3310E4004D02E4 /* Base in Resources */,
				26CA73EC2C34847600715AC3 /* GoogleService-Info.plist in Resources */,
			);
			runOnlyForDeploymentPostprocessing = 0;
		};
/* End PBXResourcesBuildPhase section */

/* Begin PBXSourcesBuildPhase section */
		2682B21F2C3310E2004D02E4 /* Sources */ = {
			isa = PBXSourcesBuildPhase;
			buildActionMask = 2147483647;
			files = (
				261C15BA2C3A1106004B5A1E /* User.swift in Sources */,
				261C15D62C3AC0B6004B5A1E /* PhasesCustomLabel.swift in Sources */,
				261C15BF2C3A1389004B5A1E /* WelcomeViewModel.swift in Sources */,
				2682B2272C3310E2004D02E4 /* AppDelegate.swift in Sources */,
				26ADA7352C38C2D000D6E3EE /* CustomTextFieldModifier.swift in Sources */,
				261C15D02C3ABDFB004B5A1E /* PhasesCell.swift in Sources */,
				261C15D42C3ABF78004B5A1E /* CarRepairPhases.swift in Sources */,
				2682B2292C3310E2004D02E4 /* SceneDelegate.swift in Sources */,
				261C15CA2C3ABA61004B5A1E /* UIKitImageLoader.swift in Sources */,
				2622943E2C349BC30062EEC1 /* SignUpViewModel.swift in Sources */,
				261C15C72C3AB768004B5A1E /* CustomStackView.swift in Sources */,
				26CA73FD2C3485AE00715AC3 /* OnBoardingView.swift in Sources */,
				2622943C2C349BBA0062EEC1 /* SignUpView.swift in Sources */,
				26CA74052C348A4200715AC3 /* CustomGeneralButton.swift in Sources */,
				26CA73FB2C3485A300715AC3 /* OnBoardingViewModel.swift in Sources */,
				26ADA73A2C38CD9A00D6E3EE /* SignInViewModel.swift in Sources */,
				261C15D22C3ABE0E004B5A1E /* WelcomeVC + ExtCollectionView.swift in Sources */,
				26CA73FF2C3485BE00715AC3 /* OnBoardingVC.swift in Sources */,
				26ADA7382C38CD8F00D6E3EE /* SignInView.swift in Sources */,
				26ADA7322C38C2A400D6E3EE /* CustomTextField.swift in Sources */,
				261C15BD2C3A1380004B5A1E /* WelcomeView.swift in Sources */,
				261C15C42C3AB6D4004B5A1E /* CustomImageView.swift in Sources */,
				261C15CD2C3ABDAF004B5A1E /* CustomFlowLayout.swift in Sources */,
				261C15C12C3A13A4004B5A1E /* WelcomeVC.swift in Sources */,
				261C15D92C3AC196004B5A1E /* TitlesCustomLabel.swift in Sources */,
			);
			runOnlyForDeploymentPostprocessing = 0;
		};
/* End PBXSourcesBuildPhase section */

/* Begin PBXVariantGroup section */
		2682B2312C3310E4004D02E4 /* LaunchScreen.storyboard */ = {
			isa = PBXVariantGroup;
			children = (
				2682B2322C3310E4004D02E4 /* Base */,
			);
			name = LaunchScreen.storyboard;
			sourceTree = "<group>";
		};
/* End PBXVariantGroup section */

/* Begin XCBuildConfiguration section */
		2682B2352C3310E4004D02E4 /* Debug */ = {
			isa = XCBuildConfiguration;
			buildSettings = {
				ALWAYS_SEARCH_USER_PATHS = NO;
				ASSETCATALOG_COMPILER_GENERATE_SWIFT_ASSET_SYMBOL_EXTENSIONS = YES;
				CLANG_ANALYZER_NONNULL = YES;
				CLANG_ANALYZER_NUMBER_OBJECT_CONVERSION = YES_AGGRESSIVE;
				CLANG_CXX_LANGUAGE_STANDARD = "gnu++20";
				CLANG_ENABLE_MODULES = YES;
				CLANG_ENABLE_OBJC_ARC = YES;
				CLANG_ENABLE_OBJC_WEAK = YES;
				CLANG_WARN_BLOCK_CAPTURE_AUTORELEASING = YES;
				CLANG_WARN_BOOL_CONVERSION = YES;
				CLANG_WARN_COMMA = YES;
				CLANG_WARN_CONSTANT_CONVERSION = YES;
				CLANG_WARN_DEPRECATED_OBJC_IMPLEMENTATIONS = YES;
				CLANG_WARN_DIRECT_OBJC_ISA_USAGE = YES_ERROR;
				CLANG_WARN_DOCUMENTATION_COMMENTS = YES;
				CLANG_WARN_EMPTY_BODY = YES;
				CLANG_WARN_ENUM_CONVERSION = YES;
				CLANG_WARN_INFINITE_RECURSION = YES;
				CLANG_WARN_INT_CONVERSION = YES;
				CLANG_WARN_NON_LITERAL_NULL_CONVERSION = YES;
				CLANG_WARN_OBJC_IMPLICIT_RETAIN_SELF = YES;
				CLANG_WARN_OBJC_LITERAL_CONVERSION = YES;
				CLANG_WARN_OBJC_ROOT_CLASS = YES_ERROR;
				CLANG_WARN_QUOTED_INCLUDE_IN_FRAMEWORK_HEADER = YES;
				CLANG_WARN_RANGE_LOOP_ANALYSIS = YES;
				CLANG_WARN_STRICT_PROTOTYPES = YES;
				CLANG_WARN_SUSPICIOUS_MOVE = YES;
				CLANG_WARN_UNGUARDED_AVAILABILITY = YES_AGGRESSIVE;
				CLANG_WARN_UNREACHABLE_CODE = YES;
				CLANG_WARN__DUPLICATE_METHOD_MATCH = YES;
				COPY_PHASE_STRIP = NO;
				DEBUG_INFORMATION_FORMAT = dwarf;
				ENABLE_STRICT_OBJC_MSGSEND = YES;
				ENABLE_TESTABILITY = YES;
				ENABLE_USER_SCRIPT_SANDBOXING = YES;
				GCC_C_LANGUAGE_STANDARD = gnu17;
				GCC_DYNAMIC_NO_PIC = NO;
				GCC_NO_COMMON_BLOCKS = YES;
				GCC_OPTIMIZATION_LEVEL = 0;
				GCC_PREPROCESSOR_DEFINITIONS = (
					"DEBUG=1",
					"$(inherited)",
				);
				GCC_WARN_64_TO_32_BIT_CONVERSION = YES;
				GCC_WARN_ABOUT_RETURN_TYPE = YES_ERROR;
				GCC_WARN_UNDECLARED_SELECTOR = YES;
				GCC_WARN_UNINITIALIZED_AUTOS = YES_AGGRESSIVE;
				GCC_WARN_UNUSED_FUNCTION = YES;
				GCC_WARN_UNUSED_VARIABLE = YES;
				IPHONEOS_DEPLOYMENT_TARGET = 17.5;
				LOCALIZATION_PREFERS_STRING_CATALOGS = YES;
				MTL_ENABLE_DEBUG_INFO = INCLUDE_SOURCE;
				MTL_FAST_MATH = YES;
				ONLY_ACTIVE_ARCH = YES;
				SDKROOT = iphoneos;
				SWIFT_ACTIVE_COMPILATION_CONDITIONS = "DEBUG $(inherited)";
				SWIFT_OPTIMIZATION_LEVEL = "-Onone";
			};
			name = Debug;
		};
		2682B2362C3310E4004D02E4 /* Release */ = {
			isa = XCBuildConfiguration;
			buildSettings = {
				ALWAYS_SEARCH_USER_PATHS = NO;
				ASSETCATALOG_COMPILER_GENERATE_SWIFT_ASSET_SYMBOL_EXTENSIONS = YES;
				CLANG_ANALYZER_NONNULL = YES;
				CLANG_ANALYZER_NUMBER_OBJECT_CONVERSION = YES_AGGRESSIVE;
				CLANG_CXX_LANGUAGE_STANDARD = "gnu++20";
				CLANG_ENABLE_MODULES = YES;
				CLANG_ENABLE_OBJC_ARC = YES;
				CLANG_ENABLE_OBJC_WEAK = YES;
				CLANG_WARN_BLOCK_CAPTURE_AUTORELEASING = YES;
				CLANG_WARN_BOOL_CONVERSION = YES;
				CLANG_WARN_COMMA = YES;
				CLANG_WARN_CONSTANT_CONVERSION = YES;
				CLANG_WARN_DEPRECATED_OBJC_IMPLEMENTATIONS = YES;
				CLANG_WARN_DIRECT_OBJC_ISA_USAGE = YES_ERROR;
				CLANG_WARN_DOCUMENTATION_COMMENTS = YES;
				CLANG_WARN_EMPTY_BODY = YES;
				CLANG_WARN_ENUM_CONVERSION = YES;
				CLANG_WARN_INFINITE_RECURSION = YES;
				CLANG_WARN_INT_CONVERSION = YES;
				CLANG_WARN_NON_LITERAL_NULL_CONVERSION = YES;
				CLANG_WARN_OBJC_IMPLICIT_RETAIN_SELF = YES;
				CLANG_WARN_OBJC_LITERAL_CONVERSION = YES;
				CLANG_WARN_OBJC_ROOT_CLASS = YES_ERROR;
				CLANG_WARN_QUOTED_INCLUDE_IN_FRAMEWORK_HEADER = YES;
				CLANG_WARN_RANGE_LOOP_ANALYSIS = YES;
				CLANG_WARN_STRICT_PROTOTYPES = YES;
				CLANG_WARN_SUSPICIOUS_MOVE = YES;
				CLANG_WARN_UNGUARDED_AVAILABILITY = YES_AGGRESSIVE;
				CLANG_WARN_UNREACHABLE_CODE = YES;
				CLANG_WARN__DUPLICATE_METHOD_MATCH = YES;
				COPY_PHASE_STRIP = NO;
				DEBUG_INFORMATION_FORMAT = "dwarf-with-dsym";
				ENABLE_NS_ASSERTIONS = NO;
				ENABLE_STRICT_OBJC_MSGSEND = YES;
				ENABLE_USER_SCRIPT_SANDBOXING = YES;
				GCC_C_LANGUAGE_STANDARD = gnu17;
				GCC_NO_COMMON_BLOCKS = YES;
				GCC_WARN_64_TO_32_BIT_CONVERSION = YES;
				GCC_WARN_ABOUT_RETURN_TYPE = YES_ERROR;
				GCC_WARN_UNDECLARED_SELECTOR = YES;
				GCC_WARN_UNINITIALIZED_AUTOS = YES_AGGRESSIVE;
				GCC_WARN_UNUSED_FUNCTION = YES;
				GCC_WARN_UNUSED_VARIABLE = YES;
				IPHONEOS_DEPLOYMENT_TARGET = 17.5;
				LOCALIZATION_PREFERS_STRING_CATALOGS = YES;
				MTL_ENABLE_DEBUG_INFO = NO;
				MTL_FAST_MATH = YES;
				SDKROOT = iphoneos;
				SWIFT_COMPILATION_MODE = wholemodule;
				VALIDATE_PRODUCT = YES;
			};
			name = Release;
		};
		2682B2382C3310E4004D02E4 /* Debug */ = {
			isa = XCBuildConfiguration;
			buildSettings = {
				ASSETCATALOG_COMPILER_APPICON_NAME = AppIcon;
				ASSETCATALOG_COMPILER_GLOBAL_ACCENT_COLOR_NAME = AccentColor;
				CODE_SIGN_STYLE = Automatic;
				CURRENT_PROJECT_VERSION = 1;
				DEVELOPMENT_TEAM = R6XNAQSMZ9;
				GENERATE_INFOPLIST_FILE = YES;
				INFOPLIST_FILE = "ChitAuto/Supporting Files/Info.plist";
				INFOPLIST_KEY_UIApplicationSupportsIndirectInputEvents = YES;
				INFOPLIST_KEY_UILaunchStoryboardName = LaunchScreen;
				INFOPLIST_KEY_UISupportedInterfaceOrientations_iPad = "UIInterfaceOrientationPortrait UIInterfaceOrientationPortraitUpsideDown UIInterfaceOrientationLandscapeLeft UIInterfaceOrientationLandscapeRight";
				INFOPLIST_KEY_UISupportedInterfaceOrientations_iPhone = "UIInterfaceOrientationPortrait UIInterfaceOrientationLandscapeLeft UIInterfaceOrientationLandscapeRight";
				LD_RUNPATH_SEARCH_PATHS = (
					"$(inherited)",
					"@executable_path/Frameworks",
				);
				MARKETING_VERSION = 1.0;
				PRODUCT_BUNDLE_IDENTIFIER = ge.chit.ChitAuto;
				PRODUCT_NAME = "$(TARGET_NAME)";
				SWIFT_EMIT_LOC_STRINGS = YES;
				SWIFT_VERSION = 5.0;
				TARGETED_DEVICE_FAMILY = "1,2";
			};
			name = Debug;
		};
		2682B2392C3310E4004D02E4 /* Release */ = {
			isa = XCBuildConfiguration;
			buildSettings = {
				ASSETCATALOG_COMPILER_APPICON_NAME = AppIcon;
				ASSETCATALOG_COMPILER_GLOBAL_ACCENT_COLOR_NAME = AccentColor;
				CODE_SIGN_STYLE = Automatic;
				CURRENT_PROJECT_VERSION = 1;
				DEVELOPMENT_TEAM = R6XNAQSMZ9;
				GENERATE_INFOPLIST_FILE = YES;
				INFOPLIST_FILE = "ChitAuto/Supporting Files/Info.plist";
				INFOPLIST_KEY_UIApplicationSupportsIndirectInputEvents = YES;
				INFOPLIST_KEY_UILaunchStoryboardName = LaunchScreen;
				INFOPLIST_KEY_UISupportedInterfaceOrientations_iPad = "UIInterfaceOrientationPortrait UIInterfaceOrientationPortraitUpsideDown UIInterfaceOrientationLandscapeLeft UIInterfaceOrientationLandscapeRight";
				INFOPLIST_KEY_UISupportedInterfaceOrientations_iPhone = "UIInterfaceOrientationPortrait UIInterfaceOrientationLandscapeLeft UIInterfaceOrientationLandscapeRight";
				LD_RUNPATH_SEARCH_PATHS = (
					"$(inherited)",
					"@executable_path/Frameworks",
				);
				MARKETING_VERSION = 1.0;
				PRODUCT_BUNDLE_IDENTIFIER = ge.chit.ChitAuto;
				PRODUCT_NAME = "$(TARGET_NAME)";
				SWIFT_EMIT_LOC_STRINGS = YES;
				SWIFT_VERSION = 5.0;
				TARGETED_DEVICE_FAMILY = "1,2";
			};
			name = Release;
		};
/* End XCBuildConfiguration section */

/* Begin XCConfigurationList section */
		2682B21E2C3310E2004D02E4 /* Build configuration list for PBXProject "ChitAuto" */ = {
			isa = XCConfigurationList;
			buildConfigurations = (
				2682B2352C3310E4004D02E4 /* Debug */,
				2682B2362C3310E4004D02E4 /* Release */,
			);
			defaultConfigurationIsVisible = 0;
			defaultConfigurationName = Release;
		};
		2682B2372C3310E4004D02E4 /* Build configuration list for PBXNativeTarget "ChitAuto" */ = {
			isa = XCConfigurationList;
			buildConfigurations = (
				2682B2382C3310E4004D02E4 /* Debug */,
				2682B2392C3310E4004D02E4 /* Release */,
			);
			defaultConfigurationIsVisible = 0;
			defaultConfigurationName = Release;
		};
/* End XCConfigurationList section */

/* Begin XCRemoteSwiftPackageReference section */
		26CA73ED2C34851600715AC3 /* XCRemoteSwiftPackageReference "firebase-ios-sdk" */ = {
			isa = XCRemoteSwiftPackageReference;
			repositoryURL = "https://github.com/firebase/firebase-ios-sdk";
			requirement = {
				kind = upToNextMajorVersion;
				minimumVersion = 10.28.1;
			};
		};
		26CA73F62C34853E00715AC3 /* XCRemoteSwiftPackageReference "NetworkServicePackage" */ = {
			isa = XCRemoteSwiftPackageReference;
			repositoryURL = "https://github.com/t1chita/NetworkServicePackage";
			requirement = {
				branch = main;
				kind = branch;
			};
		};
/* End XCRemoteSwiftPackageReference section */

/* Begin XCSwiftPackageProductDependency section */
		26CA73EE2C34851600715AC3 /* FirebaseAuth */ = {
			isa = XCSwiftPackageProductDependency;
			package = 26CA73ED2C34851600715AC3 /* XCRemoteSwiftPackageReference "firebase-ios-sdk" */;
			productName = FirebaseAuth;
		};
		26CA73F02C34851600715AC3 /* FirebaseFirestore */ = {
			isa = XCSwiftPackageProductDependency;
			package = 26CA73ED2C34851600715AC3 /* XCRemoteSwiftPackageReference "firebase-ios-sdk" */;
			productName = FirebaseFirestore;
		};
		26CA73F22C34851600715AC3 /* FirebaseFirestoreSwift */ = {
			isa = XCSwiftPackageProductDependency;
			package = 26CA73ED2C34851600715AC3 /* XCRemoteSwiftPackageReference "firebase-ios-sdk" */;
			productName = FirebaseFirestoreSwift;
		};
		26CA73F42C34851600715AC3 /* FirebaseStorage */ = {
			isa = XCSwiftPackageProductDependency;
			package = 26CA73ED2C34851600715AC3 /* XCRemoteSwiftPackageReference "firebase-ios-sdk" */;
			productName = FirebaseStorage;
		};
		26CA73F72C34853E00715AC3 /* Network */ = {
			isa = XCSwiftPackageProductDependency;
			package = 26CA73F62C34853E00715AC3 /* XCRemoteSwiftPackageReference "NetworkServicePackage" */;
			productName = Network;
		};
/* End XCSwiftPackageProductDependency section */
	};
	rootObject = 2682B21B2C3310E2004D02E4 /* Project object */;
}
